
Microsoft Visual Studio Solution File, Format Version 12.00
# Visual Studio Version 17
VisualStudioVersion = 17.4.33110.190
MinimumVisualStudioVersion = 10.0.40219.1
Project("{FAE04EC0-301F-11D3-BF4B-00C04F79EFBC}") = "MusicApp", "MusicApp.csproj", "{709E295C-E4AD-4938-9B2E-49CF8054450E}"
EndProject
Global
	GlobalSection(SolutionConfigurationPlatforms) = preSolution
		Debug|Any CPU = Debug|Any CPU
		Release|Any CPU = Release|Any CPU
	EndGlobalSection
	GlobalSection(ProjectConfigurationPlatforms) = postSolution
		{709E295C-E4AD-4938-9B2E-49CF8054450E}.Debug|Any CPU.ActiveCfg = Debug|Any CPU
		{709E295C-E4AD-4938-9B2E-49CF8054450E}.Debug|Any CPU.Build.0 = Debug|Any CPU
		{709E295C-E4AD-4938-9B2E-49CF8054450E}.Release|Any CPU.ActiveCfg = Release|Any CPU
		{709E295C-E4AD-4938-9B2E-49CF8054450E}.Release|Any CPU.Build.0 = Release|Any CPU
	EndGlobalSection
	GlobalSection(SolutionProperties) = preSolution
		HideSolutionNode = FALSE
	EndGlobalSection
	GlobalSection(ExtensibilityGlobals) = postSolution
		SolutionGuid = {8ABF3DBF-7786-4154-8A74-BF3F52DA4BBF}
	EndGlobalSection
EndGlobal
